
Microsoft Visual Studio Solution File, Format Version 12.00
# Visual Studio Version 17
VisualStudioVersion = 17.7.34031.279
MinimumVisualStudioVersion = 10.0.40219.1
Project("{FAE04EC0-301F-11D3-BF4B-00C04F79EFBC}") = "QuanLySinhVien", "QuanLySinhVien\QuanLySinhVien.csproj", "{C41DC05A-E59D-40AA-9314-8724D808920B}"
EndProject
Global
	GlobalSection(SolutionConfigurationPlatforms) = preSolution
		Debug|Any CPU = Debug|Any CPU
		Release|Any CPU = Release|Any CPU
	EndGlobalSection
	GlobalSection(ProjectConfigurationPlatforms) = postSolution
		{C41DC05A-E59D-40AA-9314-8724D808920B}.Debug|Any CPU.ActiveCfg = Debug|Any CPU
		{C41DC05A-E59D-40AA-9314-8724D808920B}.Debug|Any CPU.Build.0 = Debug|Any CPU
		{C41DC05A-E59D-40AA-9314-8724D808920B}.Release|Any CPU.ActiveCfg = Release|Any CPU
		{C41DC05A-E59D-40AA-9314-8724D808920B}.Release|Any CPU.Build.0 = Release|Any CPU
	EndGlobalSection
	GlobalSection(SolutionProperties) = preSolution
		HideSolutionNode = FALSE
	EndGlobalSection
	GlobalSection(ExtensibilityGlobals) = postSolution
		SolutionGuid = {F8DD291E-0CF9-45BE-A7D7-28967D19780A}
	EndGlobalSection
EndGlobal
